
Microsoft Visual Studio Solution File, Format Version 12.00
# Visual Studio Version 17
VisualStudioVersion = 17.0.31903.59
MinimumVisualStudioVersion = 10.0.40219.1
Project("{9A19103F-16F7-4668-BE54-9A1E7A4F7556}") = "HowRich.Server", "HowRich.Server\HowRich.Server.csproj", "{EC92405D-61D3-45D8-BF56-A9E509F015E3}"
EndProject
Project("{9A19103F-16F7-4668-BE54-9A1E7A4F7556}") = "HowRich.Client", "HowRich.Client\HowRich.Client.csproj", "{8F9BA42A-15F1-4136-AA6A-866A7A45771D}"
EndProject
Project("{9A19103F-16F7-4668-BE54-9A1E7A4F7556}") = "HowRich.Shared", "HowRich.Shared\HowRich.Shared.csproj", "{52EA5CD3-4958-438D-A1FD-8328FD601B94}"
EndProject
Project("{FAE04EC0-301F-11D3-BF4B-00C04F79EFBC}") = "HowRich.Host", "HowRich.Host\HowRich.Host.csproj", "{686BC853-0057-4E48-BEBB-3A00D8D7C979}"
EndProject
Project("{9A19103F-16F7-4668-BE54-9A1E7A4F7556}") = "HowRich.ServiceDefaults", "HowRich.ServiceDefaults\HowRich.ServiceDefaults.csproj", "{FED8194B-DE5D-465E-A5E5-853592163646}"
EndProject
Global
	GlobalSection(SolutionConfigurationPlatforms) = preSolution
		Debug|Any CPU = Debug|Any CPU
		Release|Any CPU = Release|Any CPU
	EndGlobalSection
	GlobalSection(ProjectConfigurationPlatforms) = postSolution
		{EC92405D-61D3-45D8-BF56-A9E509F015E3}.Debug|Any CPU.ActiveCfg = Debug|Any CPU
		{EC92405D-61D3-45D8-BF56-A9E509F015E3}.Debug|Any CPU.Build.0 = Debug|Any CPU
		{EC92405D-61D3-45D8-BF56-A9E509F015E3}.Release|Any CPU.ActiveCfg = Release|Any CPU
		{EC92405D-61D3-45D8-BF56-A9E509F015E3}.Release|Any CPU.Build.0 = Release|Any CPU
		{8F9BA42A-15F1-4136-AA6A-866A7A45771D}.Debug|Any CPU.ActiveCfg = Debug|Any CPU
		{8F9BA42A-15F1-4136-AA6A-866A7A45771D}.Debug|Any CPU.Build.0 = Debug|Any CPU
		{8F9BA42A-15F1-4136-AA6A-866A7A45771D}.Release|Any CPU.ActiveCfg = Release|Any CPU
		{8F9BA42A-15F1-4136-AA6A-866A7A45771D}.Release|Any CPU.Build.0 = Release|Any CPU
		{52EA5CD3-4958-438D-A1FD-8328FD601B94}.Debug|Any CPU.ActiveCfg = Debug|Any CPU
		{52EA5CD3-4958-438D-A1FD-8328FD601B94}.Debug|Any CPU.Build.0 = Debug|Any CPU
		{52EA5CD3-4958-438D-A1FD-8328FD601B94}.Release|Any CPU.ActiveCfg = Release|Any CPU
		{52EA5CD3-4958-438D-A1FD-8328FD601B94}.Release|Any CPU.Build.0 = Release|Any CPU
		{686BC853-0057-4E48-BEBB-3A00D8D7C979}.Debug|Any CPU.ActiveCfg = Debug|Any CPU
		{686BC853-0057-4E48-BEBB-3A00D8D7C979}.Debug|Any CPU.Build.0 = Debug|Any CPU
		{686BC853-0057-4E48-BEBB-3A00D8D7C979}.Release|Any CPU.ActiveCfg = Release|Any CPU
		{686BC853-0057-4E48-BEBB-3A00D8D7C979}.Release|Any CPU.Build.0 = Release|Any CPU
		{FED8194B-DE5D-465E-A5E5-853592163646}.Debug|Any CPU.ActiveCfg = Debug|Any CPU
		{FED8194B-DE5D-465E-A5E5-853592163646}.Debug|Any CPU.Build.0 = Debug|Any CPU
		{FED8194B-DE5D-465E-A5E5-853592163646}.Release|Any CPU.ActiveCfg = Release|Any CPU
		{FED8194B-DE5D-465E-A5E5-853592163646}.Release|Any CPU.Build.0 = Release|Any CPU
	EndGlobalSection
	GlobalSection(SolutionProperties) = preSolution
		HideSolutionNode = FALSE
	EndGlobalSection
	GlobalSection(ExtensibilityGlobals) = postSolution
		SolutionGuid = {30E6DA72-AF84-44F7-85B5-B487EB235D32}
	EndGlobalSection
EndGlobal
